
Microsoft Visual Studio Solution File, Format Version 11.00
# Visual Studio 2010
Project("{FAE04EC0-301F-11D3-BF4B-00C04F79EFBC}") = "FinTOKMAK.GridSystem.Tests", "FinTOKMAK.GridSystem.Tests.csproj", "{1AB834F8-0B44-32CA-BF27-4E0A3C93EB4A}"
EndProject
Project("{FAE04EC0-301F-11D3-BF4B-00C04F79EFBC}") = "FinTOKMAK.GridSystem.Samples", "FinTOKMAK.GridSystem.Samples.csproj", "{4367B9DF-3640-436C-D60C-AE27EF062F00}"
EndProject
Project("{FAE04EC0-301F-11D3-BF4B-00C04F79EFBC}") = "FinTOKMAK.GridSystem.Runtime", "FinTOKMAK.GridSystem.Runtime.csproj", "{B64CB975-7EED-3710-80F3-58D1DB9BC1D8}"
EndProject
Global
	GlobalSection(SolutionConfigurationPlatforms) = preSolution
		Debug|Any CPU = Debug|Any CPU
		Release|Any CPU = Release|Any CPU
	EndGlobalSection
	GlobalSection(ProjectConfigurationPlatforms) = postSolution
		{1AB834F8-0B44-32CA-BF27-4E0A3C93EB4A}.Debug|Any CPU.ActiveCfg = Debug|Any CPU
		{1AB834F8-0B44-32CA-BF27-4E0A3C93EB4A}.Debug|Any CPU.Build.0 = Debug|Any CPU
		{1AB834F8-0B44-32CA-BF27-4E0A3C93EB4A}.Release|Any CPU.ActiveCfg = Release|Any CPU
		{1AB834F8-0B44-32CA-BF27-4E0A3C93EB4A}.Release|Any CPU.Build.0 = Release|Any CPU
		{4367B9DF-3640-436C-D60C-AE27EF062F00}.Debug|Any CPU.ActiveCfg = Debug|Any CPU
		{4367B9DF-3640-436C-D60C-AE27EF062F00}.Debug|Any CPU.Build.0 = Debug|Any CPU
		{4367B9DF-3640-436C-D60C-AE27EF062F00}.Release|Any CPU.ActiveCfg = Release|Any CPU
		{4367B9DF-3640-436C-D60C-AE27EF062F00}.Release|Any CPU.Build.0 = Release|Any CPU
		{B64CB975-7EED-3710-80F3-58D1DB9BC1D8}.Debug|Any CPU.ActiveCfg = Debug|Any CPU
		{B64CB975-7EED-3710-80F3-58D1DB9BC1D8}.Debug|Any CPU.Build.0 = Debug|Any CPU
		{B64CB975-7EED-3710-80F3-58D1DB9BC1D8}.Release|Any CPU.ActiveCfg = Release|Any CPU
		{B64CB975-7EED-3710-80F3-58D1DB9BC1D8}.Release|Any CPU.Build.0 = Release|Any CPU
	EndGlobalSection
	GlobalSection(SolutionProperties) = preSolution
		HideSolutionNode = FALSE
	EndGlobalSection
EndGlobal
