
Microsoft Visual Studio Solution File, Format Version 11.00
# Visual Studio 2010
Project("{FAE04EC0-301F-11D3-BF4B-00C04F79EFBC}") = "Assembly-CSharp", "Assembly-CSharp.csproj", "{267DDD27-3B99-1F0D-010E-0F97A6C81877}"
EndProject
Global
	GlobalSection(SolutionConfigurationPlatforms) = preSolution
		Debug|Any CPU = Debug|Any CPU
		Release|Any CPU = Release|Any CPU
	EndGlobalSection
	GlobalSection(ProjectConfigurationPlatforms) = postSolution
		{267DDD27-3B99-1F0D-010E-0F97A6C81877}.Debug|Any CPU.ActiveCfg = Debug|Any CPU
		{267DDD27-3B99-1F0D-010E-0F97A6C81877}.Debug|Any CPU.Build.0 = Debug|Any CPU
		{267DDD27-3B99-1F0D-010E-0F97A6C81877}.Release|Any CPU.ActiveCfg = Release|Any CPU
		{267DDD27-3B99-1F0D-010E-0F97A6C81877}.Release|Any CPU.Build.0 = Release|Any CPU
	EndGlobalSection
	GlobalSection(SolutionProperties) = preSolution
		HideSolutionNode = FALSE
	EndGlobalSection
EndGlobal
