
Microsoft Visual Studio Solution File, Format Version 11.00
# Visual Studio 2010
Project("{FAE04EC0-301F-11D3-BF4B-00C04F79EFBC}") = "FinTOKMAK.GridSystem.Tests", "FinTOKMAK.GridSystem.Tests.csproj", "{608EE23E-F7DE-72D4-3AE1-2F8E247AB54E}"
EndProject
Project("{FAE04EC0-301F-11D3-BF4B-00C04F79EFBC}") = "FinTOKMAK.GridSystem.Samples", "FinTOKMAK.GridSystem.Samples.csproj", "{AD5326FA-1903-DF5F-DF4F-59ECB0FF1F2D}"
EndProject
Project("{FAE04EC0-301F-11D3-BF4B-00C04F79EFBC}") = "FinTOKMAK.GridSystem.Runtime", "FinTOKMAK.GridSystem.Runtime.csproj", "{5BCA2605-8442-EFA2-3EF7-F6E32486364E}"
EndProject
Global
	GlobalSection(SolutionConfigurationPlatforms) = preSolution
		Debug|Any CPU = Debug|Any CPU
		Release|Any CPU = Release|Any CPU
	EndGlobalSection
	GlobalSection(ProjectConfigurationPlatforms) = postSolution
		{608EE23E-F7DE-72D4-3AE1-2F8E247AB54E}.Debug|Any CPU.ActiveCfg = Debug|Any CPU
		{608EE23E-F7DE-72D4-3AE1-2F8E247AB54E}.Debug|Any CPU.Build.0 = Debug|Any CPU
		{608EE23E-F7DE-72D4-3AE1-2F8E247AB54E}.Release|Any CPU.ActiveCfg = Release|Any CPU
		{608EE23E-F7DE-72D4-3AE1-2F8E247AB54E}.Release|Any CPU.Build.0 = Release|Any CPU
		{AD5326FA-1903-DF5F-DF4F-59ECB0FF1F2D}.Debug|Any CPU.ActiveCfg = Debug|Any CPU
		{AD5326FA-1903-DF5F-DF4F-59ECB0FF1F2D}.Debug|Any CPU.Build.0 = Debug|Any CPU
		{AD5326FA-1903-DF5F-DF4F-59ECB0FF1F2D}.Release|Any CPU.ActiveCfg = Release|Any CPU
		{AD5326FA-1903-DF5F-DF4F-59ECB0FF1F2D}.Release|Any CPU.Build.0 = Release|Any CPU
		{5BCA2605-8442-EFA2-3EF7-F6E32486364E}.Debug|Any CPU.ActiveCfg = Debug|Any CPU
		{5BCA2605-8442-EFA2-3EF7-F6E32486364E}.Debug|Any CPU.Build.0 = Debug|Any CPU
		{5BCA2605-8442-EFA2-3EF7-F6E32486364E}.Release|Any CPU.ActiveCfg = Release|Any CPU
		{5BCA2605-8442-EFA2-3EF7-F6E32486364E}.Release|Any CPU.Build.0 = Release|Any CPU
	EndGlobalSection
	GlobalSection(SolutionProperties) = preSolution
		HideSolutionNode = FALSE
	EndGlobalSection
EndGlobal
