
Microsoft Visual Studio Solution File, Format Version 12.00
# Visual Studio 15
Project("{FAE04EC0-301F-11D3-BF4B-00C04F79EFBC}") = "NaughtyAttributes.Test", "NaughtyAttributes.Test.csproj", "{184551C6-D8A5-C1B5-3DD2-939C62A09138}"
EndProject
Project("{FAE04EC0-301F-11D3-BF4B-00C04F79EFBC}") = "NaughtyAttributes.Core", "NaughtyAttributes.Core.csproj", "{3D083A59-39C8-A209-1EA2-892577696FBA}"
EndProject
Project("{FAE04EC0-301F-11D3-BF4B-00C04F79EFBC}") = "Assembly-CSharp", "Assembly-CSharp.csproj", "{094B5727-7D79-A8D2-8CEA-25AC562052C7}"
EndProject
Project("{FAE04EC0-301F-11D3-BF4B-00C04F79EFBC}") = "NaughtyAttributes.Editor", "NaughtyAttributes.Editor.csproj", "{E5327F31-7D15-93F7-7612-2FB7D399EDF0}"
EndProject
Global
	GlobalSection(SolutionConfigurationPlatforms) = preSolution
		Debug|Any CPU = Debug|Any CPU
		Release|Any CPU = Release|Any CPU
	EndGlobalSection
	GlobalSection(ProjectConfigurationPlatforms) = postSolution
		{184551C6-D8A5-C1B5-3DD2-939C62A09138}.Debug|Any CPU.ActiveCfg = Debug|Any CPU
		{184551C6-D8A5-C1B5-3DD2-939C62A09138}.Debug|Any CPU.Build.0 = Debug|Any CPU
		{184551C6-D8A5-C1B5-3DD2-939C62A09138}.Release|Any CPU.ActiveCfg = Release|Any CPU
		{184551C6-D8A5-C1B5-3DD2-939C62A09138}.Release|Any CPU.Build.0 = Release|Any CPU
		{3D083A59-39C8-A209-1EA2-892577696FBA}.Debug|Any CPU.ActiveCfg = Debug|Any CPU
		{3D083A59-39C8-A209-1EA2-892577696FBA}.Debug|Any CPU.Build.0 = Debug|Any CPU
		{3D083A59-39C8-A209-1EA2-892577696FBA}.Release|Any CPU.ActiveCfg = Release|Any CPU
		{3D083A59-39C8-A209-1EA2-892577696FBA}.Release|Any CPU.Build.0 = Release|Any CPU
		{094B5727-7D79-A8D2-8CEA-25AC562052C7}.Debug|Any CPU.ActiveCfg = Debug|Any CPU
		{094B5727-7D79-A8D2-8CEA-25AC562052C7}.Debug|Any CPU.Build.0 = Debug|Any CPU
		{094B5727-7D79-A8D2-8CEA-25AC562052C7}.Release|Any CPU.ActiveCfg = Release|Any CPU
		{094B5727-7D79-A8D2-8CEA-25AC562052C7}.Release|Any CPU.Build.0 = Release|Any CPU
		{E5327F31-7D15-93F7-7612-2FB7D399EDF0}.Debug|Any CPU.ActiveCfg = Debug|Any CPU
		{E5327F31-7D15-93F7-7612-2FB7D399EDF0}.Debug|Any CPU.Build.0 = Debug|Any CPU
		{E5327F31-7D15-93F7-7612-2FB7D399EDF0}.Release|Any CPU.ActiveCfg = Release|Any CPU
		{E5327F31-7D15-93F7-7612-2FB7D399EDF0}.Release|Any CPU.Build.0 = Release|Any CPU
	EndGlobalSection
	GlobalSection(SolutionProperties) = preSolution
		HideSolutionNode = FALSE
	EndGlobalSection
EndGlobal
